
Microsoft Visual Studio Solution File, Format Version 12.00
# Visual Studio Version 16
VisualStudioVersion = 16.0.31112.23
MinimumVisualStudioVersion = 10.0.40219.1
Project("{9A19103F-16F7-4668-BE54-9A1E7A4F7556}") = "LocalFunctionProject", "LocalFunctionProject\LocalFunctionProject.csproj", "{183AF6F4-C1E1-4D86-884F-E1FC3FDD63AD}"
EndProject
Global
	GlobalSection(SolutionConfigurationPlatforms) = preSolution
		Debug|Any CPU = Debug|Any CPU
		Release|Any CPU = Release|Any CPU
	EndGlobalSection
	GlobalSection(ProjectConfigurationPlatforms) = postSolution
		{183AF6F4-C1E1-4D86-884F-E1FC3FDD63AD}.Debug|Any CPU.ActiveCfg = Debug|Any CPU
		{183AF6F4-C1E1-4D86-884F-E1FC3FDD63AD}.Debug|Any CPU.Build.0 = Debug|Any CPU
		{183AF6F4-C1E1-4D86-884F-E1FC3FDD63AD}.Release|Any CPU.ActiveCfg = Release|Any CPU
		{183AF6F4-C1E1-4D86-884F-E1FC3FDD63AD}.Release|Any CPU.Build.0 = Release|Any CPU
	EndGlobalSection
	GlobalSection(SolutionProperties) = preSolution
		HideSolutionNode = FALSE
	EndGlobalSection
	GlobalSection(ExtensibilityGlobals) = postSolution
		SolutionGuid = {C0151EAC-B9D3-404D-AB54-6F34C1DD0567}
	EndGlobalSection
EndGlobal
