
Microsoft Visual Studio Solution File, Format Version 12.00
# Visual Studio Version 16
VisualStudioVersion = 16.0.31112.23
MinimumVisualStudioVersion = 10.0.40219.1
Project("{FAE04EC0-301F-11D3-BF4B-00C04F79EFBC}") = "WorkingWithBlobStorage", "WorkingWithBlobStorage\WorkingWithBlobStorage.csproj", "{778C083E-C2D7-46DB-9E4A-8645F00663E3}"
EndProject
Global
	GlobalSection(SolutionConfigurationPlatforms) = preSolution
		Debug|Any CPU = Debug|Any CPU
		Release|Any CPU = Release|Any CPU
	EndGlobalSection
	GlobalSection(ProjectConfigurationPlatforms) = postSolution
		{778C083E-C2D7-46DB-9E4A-8645F00663E3}.Debug|Any CPU.ActiveCfg = Debug|Any CPU
		{778C083E-C2D7-46DB-9E4A-8645F00663E3}.Debug|Any CPU.Build.0 = Debug|Any CPU
		{778C083E-C2D7-46DB-9E4A-8645F00663E3}.Release|Any CPU.ActiveCfg = Release|Any CPU
		{778C083E-C2D7-46DB-9E4A-8645F00663E3}.Release|Any CPU.Build.0 = Release|Any CPU
	EndGlobalSection
	GlobalSection(SolutionProperties) = preSolution
		HideSolutionNode = FALSE
	EndGlobalSection
	GlobalSection(ExtensibilityGlobals) = postSolution
		SolutionGuid = {CDC3E179-2ECC-4397-91B7-AD74D38320DB}
	EndGlobalSection
EndGlobal
